
Microsoft Visual Studio Solution File, Format Version 12.00
# Visual Studio Version 16
VisualStudioVersion = 16.0.30002.166
MinimumVisualStudioVersion = 10.0.40219.1
Project("{9A19103F-16F7-4668-BE54-9A1E7A4F7556}") = "MatchEngine", "MatchEngine\MatchEngine.csproj", "{D78CBAA3-F8DF-4459-A5E5-A14F98F81F08}"
EndProject
Project("{9A19103F-16F7-4668-BE54-9A1E7A4F7556}") = "MatchFrontend", "MatchFrontend\MatchFrontend.csproj", "{8458B53D-4019-4B86-A0C9-3BBC8059A80E}"
EndProject
Project("{9A19103F-16F7-4668-BE54-9A1E7A4F7556}") = "MatchLibrary", "MatchLibrary\MatchLibrary.csproj", "{AB66B2F2-1BD0-4D72-A600-6280251BAE47}"
EndProject
Global
	GlobalSection(SolutionConfigurationPlatforms) = preSolution
		Debug|Any CPU = Debug|Any CPU
		Release|Any CPU = Release|Any CPU
	EndGlobalSection
	GlobalSection(ProjectConfigurationPlatforms) = postSolution
		{D78CBAA3-F8DF-4459-A5E5-A14F98F81F08}.Debug|Any CPU.ActiveCfg = Debug|Any CPU
		{D78CBAA3-F8DF-4459-A5E5-A14F98F81F08}.Debug|Any CPU.Build.0 = Debug|Any CPU
		{D78CBAA3-F8DF-4459-A5E5-A14F98F81F08}.Release|Any CPU.ActiveCfg = Release|Any CPU
		{D78CBAA3-F8DF-4459-A5E5-A14F98F81F08}.Release|Any CPU.Build.0 = Release|Any CPU
		{8458B53D-4019-4B86-A0C9-3BBC8059A80E}.Debug|Any CPU.ActiveCfg = Debug|Any CPU
		{8458B53D-4019-4B86-A0C9-3BBC8059A80E}.Debug|Any CPU.Build.0 = Debug|Any CPU
		{8458B53D-4019-4B86-A0C9-3BBC8059A80E}.Release|Any CPU.ActiveCfg = Release|Any CPU
		{8458B53D-4019-4B86-A0C9-3BBC8059A80E}.Release|Any CPU.Build.0 = Release|Any CPU
		{AB66B2F2-1BD0-4D72-A600-6280251BAE47}.Debug|Any CPU.ActiveCfg = Debug|Any CPU
		{AB66B2F2-1BD0-4D72-A600-6280251BAE47}.Debug|Any CPU.Build.0 = Debug|Any CPU
		{AB66B2F2-1BD0-4D72-A600-6280251BAE47}.Release|Any CPU.ActiveCfg = Release|Any CPU
		{AB66B2F2-1BD0-4D72-A600-6280251BAE47}.Release|Any CPU.Build.0 = Release|Any CPU
	EndGlobalSection
	GlobalSection(SolutionProperties) = preSolution
		HideSolutionNode = FALSE
	EndGlobalSection
	GlobalSection(ExtensibilityGlobals) = postSolution
		SolutionGuid = {8BE269C8-F1CD-4660-BB0D-77F7ACB4C577}
	EndGlobalSection
EndGlobal
